
Microsoft Visual Studio Solution File, Format Version 12.00
# Visual Studio Version 17
VisualStudioVersion = 17.4.33213.308
MinimumVisualStudioVersion = 10.0.40219.1
Project("{9A19103F-16F7-4668-BE54-9A1E7A4F7556}") = "CPProject", "CPProject\CPProject.csproj", "{AD425AAA-6777-42B4-84EC-EF622C700A63}"
EndProject
Project("{2150E333-8FDC-42A3-9474-1A3956D46DE8}") = "Элементы решения", "Элементы решения", "{222F6071-34F6-46A9-B12E-1606D614E6B1}"
EndProject
Project("{9A19103F-16F7-4668-BE54-9A1E7A4F7556}") = "Tests", "Tests\Tests.csproj", "{71B720E1-24CC-47BF-9AA0-38FBBA9C7867}"
EndProject
Global
	GlobalSection(SolutionConfigurationPlatforms) = preSolution
		Debug|Any CPU = Debug|Any CPU
		Release|Any CPU = Release|Any CPU
	EndGlobalSection
	GlobalSection(ProjectConfigurationPlatforms) = postSolution
		{AD425AAA-6777-42B4-84EC-EF622C700A63}.Debug|Any CPU.ActiveCfg = Debug|Any CPU
		{AD425AAA-6777-42B4-84EC-EF622C700A63}.Debug|Any CPU.Build.0 = Debug|Any CPU
		{AD425AAA-6777-42B4-84EC-EF622C700A63}.Release|Any CPU.ActiveCfg = Release|Any CPU
		{AD425AAA-6777-42B4-84EC-EF622C700A63}.Release|Any CPU.Build.0 = Release|Any CPU
		{71B720E1-24CC-47BF-9AA0-38FBBA9C7867}.Debug|Any CPU.ActiveCfg = Debug|Any CPU
		{71B720E1-24CC-47BF-9AA0-38FBBA9C7867}.Debug|Any CPU.Build.0 = Debug|Any CPU
		{71B720E1-24CC-47BF-9AA0-38FBBA9C7867}.Release|Any CPU.ActiveCfg = Release|Any CPU
		{71B720E1-24CC-47BF-9AA0-38FBBA9C7867}.Release|Any CPU.Build.0 = Release|Any CPU
	EndGlobalSection
	GlobalSection(SolutionProperties) = preSolution
		HideSolutionNode = FALSE
	EndGlobalSection
	GlobalSection(ExtensibilityGlobals) = postSolution
		SolutionGuid = {B432B66E-5FF5-433E-AD3C-6B5AD46E2EAC}
	EndGlobalSection
EndGlobal
